{
    "_readme": [
        "This file locks the dependencies of your project to a known state",
        "Read more about it at https://getcomposer.org/doc/01-basic-usage.md#installing-dependencies",
        "This file is @generated automatically"
    ],
    "content-hash": "c7634f601368d9f164214f307b9b353f",
    "packages": [
        {
            "name": "laradevsbd/zkteco-sdk",
            "version": "v1.0.0",
            "source": {
                "type": "git",
                "url": "https://github.com/laradevsbd/zkteco-sdk-laravel.git",
                "reference": "0f03093e726d483dd7febba6268ca64e3dd3fac8"
            },
            "dist": {
                "type": "zip",
                "url": "https://api.github.com/repos/laradevsbd/zkteco-sdk-laravel/zipball/0f03093e726d483dd7febba6268ca64e3dd3fac8",
                "reference": "0f03093e726d483dd7febba6268ca64e3dd3fac8",
                "shasum": ""
            },
            "type": "library",
            "extra": {
                "laravel": {
                    "providers": [
                        "Laradevsbd\\Zkteco\\ZktecoServiceProvider"
                    ]
                }
            },
            "autoload": {
                "psr-4": {
                    "Laradevsbd\\Zkteco\\": "src/"
                }
            },
            "notification-url": "https://packagist.org/downloads/",
            "license": [
                "MIT"
            ],
            "authors": [
                {
                    "name": "Nur Karim",
                    "email": "nurkarim772@gmail.com"
                }
            ],
            "description": "ZKLibrary is PHP Library for ZK Time & Attendance Devices",
            "support": {
                "issues": "https://github.com/laradevsbd/zkteco-sdk-laravel/issues",
                "source": "https://github.com/laradevsbd/zkteco-sdk-laravel/tree/v1.0.0"
            },
            "time": "2021-08-25T07:28:36+00:00"
        }
    ],
    "packages-dev": [],
    "aliases": [],
    "minimum-stability": "stable",
    "stability-flags": {},
    "prefer-stable": false,
    "prefer-lowest": false,
    "platform": {},
    "platform-dev": {},
    "plugin-api-version": "2.9.0"
}
